<?xml version="1.0" encoding="utf-8"?>
<Project ToolsVersion="4.0" xmlns="http://schemas.microsoft.com/developer/msbuild/2003">
  <ItemGroup>
    <Filter Include="Исходные файлы">
      <UniqueIdentifier>{4FC737F1-C7A5-4376-A066-2A32D752A2FF}</UniqueIdentifier>
      <Extensions>cpp;c;cc;cxx;def;odl;idl;hpj;bat;asm;asmx</Extensions>
    </Filter>
    <Filter Include="Файлы заголовков">
      <UniqueIdentifier>{93995380-89BD-4b04-88EB-625FBE52EBFB}</UniqueIdentifier>
      <Extensions>h;hh;hpp;hxx;hm;inl;inc;ipp;xsd</Extensions>
    </Filter>
    <Filter Include="Файлы ресурсов">
      <UniqueIdentifier>{67DA6AB6-F800-4c08-8B7A-83BB121AAD01}</UniqueIdentifier>
      <Extensions>rc;ico;cur;bmp;dlg;rc2;rct;bin;rgs;gif;jpg;jpeg;jpe;resx;tiff;tif;png;wav;mfcribbon-ms</Extensions>
    </Filter>
    <Filter Include="UserInterface">
      <UniqueIdentifier>{193deb28-0e32-428b-80fd-ab5d62b1cf00}</UniqueIdentifier>
    </Filter>
    <Filter Include="Work with date">
      <UniqueIdentifier>{89d94dc6-1bfe-4224-8fc5-74c0b7ac7f8c}</UniqueIdentifier>
    </Filter>
    <Filter Include="Containers">
      <UniqueIdentifier>{6cff81a5-3bd7-48b0-9502-45a92c09c1a4}</UniqueIdentifier>
    </Filter>
  </ItemGroup>
  <ItemGroup>
    <ClCompile Include="main.cpp">
      <Filter>Исходные файлы</Filter>
    </ClCompile>
    <ClCompile Include="UserInterface\UI.cpp">
      <Filter>UserInterface</Filter>
    </ClCompile>
    <ClCompile Include="Work with date\TimeIsNow.cpp">
      <Filter>Work with date</Filter>
    </ClCompile>
    <ClCompile Include="Work with date\TimeManagment.cpp">
      <Filter>Work with date</Filter>
    </ClCompile>
    <ClCompile Include="Work with date\DateWithTime.cpp">
      <Filter>Work with date</Filter>
    </ClCompile>
    <ClCompile Include="Work with date\DifferenceBetweenDateWithTime.cpp">
      <Filter>Work with date</Filter>
    </ClCompile>
  </ItemGroup>
  <ItemGroup>
    <ClInclude Include="Work with date\TimeIsNow.h">
      <Filter>Work with date</Filter>
    </ClInclude>
    <ClInclude Include="Work with date\TimeManagment.h">
      <Filter>Work with date</Filter>
    </ClInclude>
    <ClInclude Include="UserInterface\UI.h">
      <Filter>UserInterface</Filter>
    </ClInclude>
    <ClInclude Include="Containers\Containers.h">
      <Filter>Containers</Filter>
    </ClInclude>
    <ClInclude Include="Containers\Deque.h">
      <Filter>Containers</Filter>
    </ClInclude>
    <ClInclude Include="Containers\Queue.h">
      <Filter>Containers</Filter>
    </ClInclude>
    <ClInclude Include="Containers\Stack.h">
      <Filter>Containers</Filter>
    </ClInclude>
    <ClInclude Include="Work with date\WorkWithDate.h">
      <Filter>Work with date</Filter>
    </ClInclude>
    <ClInclude Include="Containers\IContainer.h">
      <Filter>Containers</Filter>
    </ClInclude>
    <ClInclude Include="Containers\IStack.h">
      <Filter>Containers</Filter>
    </ClInclude>
    <ClInclude Include="Containers\IQueue.h">
      <Filter>Containers</Filter>
    </ClInclude>
    <ClInclude Include="Containers\IDeque.h">
      <Filter>Containers</Filter>
    </ClInclude>
    <ClInclude Include="Containers\ContainersLink.h">
      <Filter>Containers</Filter>
    </ClInclude>
    <ClInclude Include="Work with date\DateWithTime.h">
      <Filter>Work with date</Filter>
    </ClInclude>
    <ClInclude Include="Work with date\DifferenceBetweenDateWithTime.h">
      <Filter>Work with date</Filter>
    </ClInclude>
    <ClInclude Include="Work with date\Date.h">
      <Filter>Work with date</Filter>
    </ClInclude>
    <ClInclude Include="Work with date\Time.h">
      <Filter>Work with date</Filter>
    </ClInclude>
  </ItemGroup>
</Project>